
Microsoft Visual Studio Solution File, Format Version 12.00
Project("{FAE04EC0-301F-11D3-BF4B-00C04F79EFBC}") = "TreiberStack", "TreiberStack\TreiberStack.csproj", "{FB666F99-1D45-4AC8-8E17-F8FBA593B139}"
EndProject
Project("{FAE04EC0-301F-11D3-BF4B-00C04F79EFBC}") = "Experiment", "Experiment\Experiment.csproj", "{22DA2F40-6D8D-4E9C-A850-66F58585AC74}"
EndProject
Project("{FAE04EC0-301F-11D3-BF4B-00C04F79EFBC}") = "TreiberStackTest", "TreiberStackTest\TreiberStackTest.csproj", "{40EED494-8201-4FDB-88EA-C0DC9E634BBD}"
EndProject
Global
	GlobalSection(SolutionConfigurationPlatforms) = preSolution
		Debug|Any CPU = Debug|Any CPU
		Release|Any CPU = Release|Any CPU
	EndGlobalSection
	GlobalSection(ProjectConfigurationPlatforms) = postSolution
		{FB666F99-1D45-4AC8-8E17-F8FBA593B139}.Debug|Any CPU.ActiveCfg = Debug|Any CPU
		{FB666F99-1D45-4AC8-8E17-F8FBA593B139}.Debug|Any CPU.Build.0 = Debug|Any CPU
		{FB666F99-1D45-4AC8-8E17-F8FBA593B139}.Release|Any CPU.ActiveCfg = Release|Any CPU
		{FB666F99-1D45-4AC8-8E17-F8FBA593B139}.Release|Any CPU.Build.0 = Release|Any CPU
		{22DA2F40-6D8D-4E9C-A850-66F58585AC74}.Debug|Any CPU.ActiveCfg = Debug|Any CPU
		{22DA2F40-6D8D-4E9C-A850-66F58585AC74}.Debug|Any CPU.Build.0 = Debug|Any CPU
		{22DA2F40-6D8D-4E9C-A850-66F58585AC74}.Release|Any CPU.ActiveCfg = Release|Any CPU
		{22DA2F40-6D8D-4E9C-A850-66F58585AC74}.Release|Any CPU.Build.0 = Release|Any CPU
		{40EED494-8201-4FDB-88EA-C0DC9E634BBD}.Debug|Any CPU.ActiveCfg = Debug|Any CPU
		{40EED494-8201-4FDB-88EA-C0DC9E634BBD}.Debug|Any CPU.Build.0 = Debug|Any CPU
		{40EED494-8201-4FDB-88EA-C0DC9E634BBD}.Release|Any CPU.ActiveCfg = Release|Any CPU
		{40EED494-8201-4FDB-88EA-C0DC9E634BBD}.Release|Any CPU.Build.0 = Release|Any CPU
	EndGlobalSection
EndGlobal
